
Microsoft Visual Studio Solution File, Format Version 12.00
# Visual Studio Version 17
VisualStudioVersion = 17.11.35327.3
MinimumVisualStudioVersion = 10.0.40219.1
Project("{FAE04EC0-301F-11D3-BF4B-00C04F79EFBC}") = "Veteriner_web", "Veteriner_web.csproj", "{0E299F23-8C70-4A0F-853C-79738CA977D6}"
EndProject
Global
	GlobalSection(SolutionConfigurationPlatforms) = preSolution
		Debug|Any CPU = Debug|Any CPU
		Release|Any CPU = Release|Any CPU
	EndGlobalSection
	GlobalSection(ProjectConfigurationPlatforms) = postSolution
		{0E299F23-8C70-4A0F-853C-79738CA977D6}.Debug|Any CPU.ActiveCfg = Debug|Any CPU
		{0E299F23-8C70-4A0F-853C-79738CA977D6}.Debug|Any CPU.Build.0 = Debug|Any CPU
		{0E299F23-8C70-4A0F-853C-79738CA977D6}.Release|Any CPU.ActiveCfg = Release|Any CPU
		{0E299F23-8C70-4A0F-853C-79738CA977D6}.Release|Any CPU.Build.0 = Release|Any CPU
	EndGlobalSection
	GlobalSection(SolutionProperties) = preSolution
		HideSolutionNode = FALSE
	EndGlobalSection
	GlobalSection(ExtensibilityGlobals) = postSolution
		SolutionGuid = {9F64F00C-0A29-48D2-BF77-DCA7A34A624A}
	EndGlobalSection
EndGlobal
